{
  "version": 2,
  "dependencies": {
    "net8.0": {
      "abstractions": {
        "type": "Project"
      },
      "domain": {
        "type": "Project"
      },
      "domain.riverrun": {
        "type": "Project",
        "dependencies": {
          "Domain": "[1.0.0, )"
        }
      }
    }
  }
}